{
  "name": "aligned-oauth-sidecar",
  "lockfileVersion": 3,
  "requires": true,
  "packages": {
    "": {
      "name": "aligned-oauth-sidecar",
      "dependencies": {
        "@atproto/oauth-client-node": "0.5.1"
      },
      "engines": {
        "node": ">=20"
      }
    },
    "node_modules/@atproto-labs/did-resolver": {
      "version": "0.3.6",
      "resolved": "https://registry.npmjs.org/@atproto-labs/did-resolver/-/did-resolver-0.3.6.tgz",
      "integrity": "sha512-5Bb3xfDgOw4r+AjAVuZvk7lWQlUkq7dxJoRMHI46UTLEt99CQGqvKOBbA0xAXehYc76LJyaG9fulVQuWmVuqUA==",
      "license": "MIT",
      "dependencies": {
        "@atproto-labs/fetch": "^0.3.5",
        "@atproto-labs/pipe": "^0.2.4",
        "@atproto-labs/simple-store": "^0.5.0",
        "@atproto-labs/simple-store-memory": "^0.2.5",
        "@atproto/did": "^0.5.4",
        "zod": "^3.23.8"
      },
      "engines": {
        "node": ">=22"
      }
    },
    "node_modules/@atproto-labs/fetch": {
      "version": "0.3.5",
      "resolved": "https://registry.npmjs.org/@atproto-labs/fetch/-/fetch-0.3.5.tgz",
      "integrity": "sha512-iDFZEoNqfL17EVKE+uNzdUD7YF8LWhEhxeBtP6x+PNuAxoXv3ip9vLmB8nNzNxFwVn++FipfDtSiPqmziv1bdA==",
      "license": "MIT",
      "dependencies": {
        "@atproto-labs/pipe": "^0.2.4"
      },
      "engines": {
        "node": ">=22"
      }
    },
    "node_modules/@atproto-labs/fetch-node": {
      "version": "0.3.6",
      "resolved": "https://registry.npmjs.org/@atproto-labs/fetch-node/-/fetch-node-0.3.6.tgz",
      "integrity": "sha512-sGBMlRMCRu0xAnesRe7WCe9e2TMdVMd4I5WrNa43dFs14KxBzHXaPLDM1ZiYe/wGf7midNG3md5/BXvdC6vPCA==",
      "license": "MIT",
      "dependencies": {
        "@atproto-labs/fetch": "^0.3.5",
        "@atproto-labs/pipe": "^0.2.4",
        "ipaddr.js": "^2.1.0",
        "undici_v6": "npm:undici@^6.x",
        "undici_v7": "npm:undici@^7.x",
        "undici_v8": "npm:undici@^8.x"
      },
      "engines": {
        "node": ">=22"
      }
    },
    "node_modules/@atproto-labs/handle-resolver": {
      "version": "0.4.7",
      "resolved": "https://registry.npmjs.org/@atproto-labs/handle-resolver/-/handle-resolver-0.4.7.tgz",
      "integrity": "sha512-wDVPKWEqC1ERlPrFskZnxl3PCWjpvtcAiuyAeykzfy3ORgOt1sDAcgjmc0ljKBvA6Vbg8Ow9tPNf9G+7XqE6sw==",
      "license": "MIT",
      "dependencies": {
        "@atproto-labs/simple-store": "^0.5.0",
        "@atproto-labs/simple-store-memory": "^0.2.5",
        "@atproto/did": "^0.5.4",
        "zod": "^3.23.8"
      },
      "engines": {
        "node": ">=22"
      }
    },
    "node_modules/@atproto-labs/handle-resolver-node": {
      "version": "0.2.7",
      "resolved": "https://registry.npmjs.org/@atproto-labs/handle-resolver-node/-/handle-resolver-node-0.2.7.tgz",
      "integrity": "sha512-Xxd8BgTHDyQB4j+lblTSjHEmOHKVUyRfsvbRgee3KZC1fhGLyjsh1aUKShA1bdMNoOVkeQieQIenPXiViJEI5A==",
      "license": "MIT",
      "dependencies": {
        "@atproto-labs/fetch-node": "^0.3.6",
        "@atproto-labs/handle-resolver": "^0.4.7",
        "@atproto/did": "^0.5.4"
      },
      "engines": {
        "node": ">=22"
      }
    },
    "node_modules/@atproto-labs/identity-resolver": {
      "version": "0.4.6",
      "resolved": "https://registry.npmjs.org/@atproto-labs/identity-resolver/-/identity-resolver-0.4.6.tgz",
      "integrity": "sha512-qpPRgkjWo0hkLyhok6pGarEZrwmB8NWOQPbhAqmSUYSwQAZRRv5zp5pvmH54J9XoWs/HG6OaO/zc6xsHdCt+Ng==",
      "license": "MIT",
      "dependencies": {
        "@atproto-labs/did-resolver": "^0.3.6",
        "@atproto-labs/handle-resolver": "^0.4.7"
      },
      "engines": {
        "node": ">=22"
      }
    },
    "node_modules/@atproto-labs/pipe": {
      "version": "0.2.4",
      "resolved": "https://registry.npmjs.org/@atproto-labs/pipe/-/pipe-0.2.4.tgz",
      "integrity": "sha512-n67jCcrC+ouAeO10cWkpPzzLMlDi/lDCU30Us+LGqhOPhT6c4t5ASdBLQi9W3jUQtRzQBt3G9zipF+xKWNvVbw==",
      "license": "MIT",
      "engines": {
        "node": ">=22"
      }
    },
    "node_modules/@atproto-labs/simple-store": {
      "version": "0.5.0",
      "resolved": "https://registry.npmjs.org/@atproto-labs/simple-store/-/simple-store-0.5.0.tgz",
      "integrity": "sha512-tA/BmCahnrLV+seUZzjkC1xVZQbjogiooQ5C4kkC6we2mP68v7SreQTuv/XPhK2wsSES6c1SYCgDkkLlDTzALA==",
      "license": "MIT",
      "engines": {
        "node": ">=22"
      }
    },
    "node_modules/@atproto-labs/simple-store-memory": {
      "version": "0.2.5",
      "resolved": "https://registry.npmjs.org/@atproto-labs/simple-store-memory/-/simple-store-memory-0.2.5.tgz",
      "integrity": "sha512-Qme5VqkHKZA0w218/3pncvT+KYQzVdtP4aF72eCswh53SLrdGCG6F/NtllmJuYmp9uPGnHdql/Yt0BY1slAKjQ==",
      "license": "MIT",
      "dependencies": {
        "@atproto-labs/simple-store": "^0.5.0",
        "lru-cache": "^10.2.0"
      },
      "engines": {
        "node": ">=22"
      }
    },
    "node_modules/@atproto/common-web": {
      "version": "0.5.7",
      "resolved": "https://registry.npmjs.org/@atproto/common-web/-/common-web-0.5.7.tgz",
      "integrity": "sha512-lvU8lFO5UByacsl3AReXkpTWjcPBS8mBqt40B45HwCt+s58a+xT/YI/+AUpmzSmsPVZCpeCmP6wgsOSC8RILXg==",
      "license": "MIT",
      "dependencies": {
        "@atproto/lex-data": "^0.1.6",
        "@atproto/lex-json": "^0.1.5",
        "@atproto/syntax": "^0.7.2",
        "zod": "^3.23.8"
      },
      "engines": {
        "node": ">=22"
      }
    },
    "node_modules/@atproto/did": {
      "version": "0.5.4",
      "resolved": "https://registry.npmjs.org/@atproto/did/-/did-0.5.4.tgz",
      "integrity": "sha512-BlnwQ+obL+4ZA71KH/EzZ3TY+cpSxnLiUI85mjBJIQwvDF/oN2sQA18wIj9jpduviIt2b/cMtlJuzHjzBkfXvw==",
      "license": "MIT",
      "dependencies": {
        "zod": "^3.23.8"
      },
      "engines": {
        "node": ">=22"
      }
    },
    "node_modules/@atproto/jwk": {
      "version": "0.7.4",
      "resolved": "https://registry.npmjs.org/@atproto/jwk/-/jwk-0.7.4.tgz",
      "integrity": "sha512-tq7TUDmNfe1yDfpRgdGQMJdl9TUlJmREQNCag9yg5w8Evu+TOiFiLgiOCbo7X4ouRPSgd1DpOzXbUa8UyKKMZA==",
      "license": "MIT",
      "dependencies": {
        "multiformats": "^13.0.0",
        "zod": "^3.23.8"
      },
      "engines": {
        "node": ">=22"
      }
    },
    "node_modules/@atproto/jwk-jose": {
      "version": "0.2.4",
      "resolved": "https://registry.npmjs.org/@atproto/jwk-jose/-/jwk-jose-0.2.4.tgz",
      "integrity": "sha512-gzDoA0JTwnc0ZJOBLM7WX9xFxtynRS2K1Bofb8epzoMWDQvyvfbPcfkdPrKFM7NXCFUVpGpBnsCB8KFPTf1rCg==",
      "license": "MIT",
      "dependencies": {
        "@atproto/jwk": "^0.7.4",
        "jose": "^5.2.0"
      },
      "engines": {
        "node": ">=22"
      }
    },
    "node_modules/@atproto/jwk-webcrypto": {
      "version": "0.3.4",
      "resolved": "https://registry.npmjs.org/@atproto/jwk-webcrypto/-/jwk-webcrypto-0.3.4.tgz",
      "integrity": "sha512-UsFIUozqnRecXPo6HgKV4PW4FqYHxX1V3iAe0rRV6Q2RSfYD8V2mZ89pv8NpvJynnaqJArBQ7HZlcg0F4tRYhA==",
      "license": "MIT",
      "dependencies": {
        "@atproto/jwk": "^0.7.4",
        "@atproto/jwk-jose": "^0.2.4",
        "zod": "^3.23.8"
      },
      "engines": {
        "node": ">=22"
      }
    },
    "node_modules/@atproto/lex-data": {
      "version": "0.1.6",
      "resolved": "https://registry.npmjs.org/@atproto/lex-data/-/lex-data-0.1.6.tgz",
      "integrity": "sha512-rvovRrYWDEuerX+ZeQbdI5dKs0bYvuMjhwDOtT+pkOvdY4MkfN41DJCz/RAYVAQ7noPdaalB6pAX9euukheE/w==",
      "license": "MIT",
      "dependencies": {
        "multiformats": "^13.0.0",
        "tslib": "^2.8.1",
        "unicode-segmenter": "^0.14.0"
      },
      "engines": {
        "node": ">=22"
      }
    },
    "node_modules/@atproto/lex-json": {
      "version": "0.1.5",
      "resolved": "https://registry.npmjs.org/@atproto/lex-json/-/lex-json-0.1.5.tgz",
      "integrity": "sha512-qOp6+Za5p/xDXACYIP3vySbKaf9CJDwiZEN78ghPT1gRoJohKG3ONt/WmvOxBVJqc6VTRaqEpbG9vX9oLF2qsA==",
      "license": "MIT",
      "dependencies": {
        "@atproto/lex-data": "^0.1.6",
        "tslib": "^2.8.1"
      },
      "engines": {
        "node": ">=22"
      }
    },
    "node_modules/@atproto/lexicon": {
      "version": "0.7.9",
      "resolved": "https://registry.npmjs.org/@atproto/lexicon/-/lexicon-0.7.9.tgz",
      "integrity": "sha512-/NoDu8xE0EmT0uCgTy03r9FIEjBSNN+xVHacJ+h+MW4MTMgegLdKlLnCySl2dzhYPu3/TK28CY4xIeEHz//GAw==",
      "license": "MIT",
      "dependencies": {
        "@atproto/common-web": "^0.5.7",
        "@atproto/syntax": "^0.7.2",
        "multiformats": "^13.0.0",
        "zod": "^3.23.8"
      },
      "engines": {
        "node": ">=22"
      }
    },
    "node_modules/@atproto/oauth-client": {
      "version": "0.8.1",
      "resolved": "https://registry.npmjs.org/@atproto/oauth-client/-/oauth-client-0.8.1.tgz",
      "integrity": "sha512-sxiabp8AoRKULPA01iVCtOnKKX3bmetYQKD4qRKOw6MtVN460Oh/m8iv8p1HYObNAsrOqax4yJu24PxEiQwIrw==",
      "license": "MIT",
      "dependencies": {
        "@atproto-labs/did-resolver": "^0.3.6",
        "@atproto-labs/fetch": "^0.3.5",
        "@atproto-labs/handle-resolver": "^0.4.7",
        "@atproto-labs/identity-resolver": "^0.4.6",
        "@atproto-labs/simple-store": "^0.5.0",
        "@atproto-labs/simple-store-memory": "^0.2.5",
        "@atproto/did": "^0.5.4",
        "@atproto/jwk": "^0.7.4",
        "@atproto/oauth-types": "^0.7.5",
        "@atproto/xrpc": "^0.8.8",
        "core-js": "^3",
        "multiformats": "^13.0.0",
        "zod": "^3.23.8"
      },
      "engines": {
        "node": ">=22"
      }
    },
    "node_modules/@atproto/oauth-client-node": {
      "version": "0.5.1",
      "resolved": "https://registry.npmjs.org/@atproto/oauth-client-node/-/oauth-client-node-0.5.1.tgz",
      "integrity": "sha512-6Ng58PK7TkEq/lNHZ6P5D99wpfr8/8u6FzXY0xmFyGG5N5lEJt2Uv4ZTmrOZuxUi5EDXsTcZ7XzdIbaVe3e3Kw==",
      "license": "MIT",
      "dependencies": {
        "@atproto-labs/did-resolver": "^0.3.6",
        "@atproto-labs/handle-resolver-node": "^0.2.7",
        "@atproto-labs/simple-store": "^0.5.0",
        "@atproto/did": "^0.5.4",
        "@atproto/jwk": "^0.7.4",
        "@atproto/jwk-jose": "^0.2.4",
        "@atproto/jwk-webcrypto": "^0.3.4",
        "@atproto/oauth-client": "^0.8.1",
        "@atproto/oauth-types": "^0.7.5"
      },
      "engines": {
        "node": ">=22"
      }
    },
    "node_modules/@atproto/oauth-types": {
      "version": "0.7.5",
      "resolved": "https://registry.npmjs.org/@atproto/oauth-types/-/oauth-types-0.7.5.tgz",
      "integrity": "sha512-x75O0HsKB1IGfBikAQrrTX6EL8Rt4Q0+wMcwhZQRGPk/N/WqbYbsW3Powj4R8ZJKSfWCpVfaw32Piu1pTi891Q==",
      "license": "MIT",
      "dependencies": {
        "@atproto/did": "^0.5.4",
        "@atproto/jwk": "^0.7.4",
        "zod": "^3.23.8"
      },
      "engines": {
        "node": ">=22"
      }
    },
    "node_modules/@atproto/syntax": {
      "version": "0.7.2",
      "resolved": "https://registry.npmjs.org/@atproto/syntax/-/syntax-0.7.2.tgz",
      "integrity": "sha512-tZ1Tr0R9pK4bI4Zs69t29cjMlCFQvRNBeNkqJC5pGeNuCt64D0eoF7s/AlqeVmYppClmQ0xJquggGgsMDP6j7w==",
      "license": "MIT",
      "dependencies": {
        "iso-datestring-validator": "^2.2.2",
        "tslib": "^2.8.1"
      },
      "engines": {
        "node": ">=22"
      }
    },
    "node_modules/@atproto/xrpc": {
      "version": "0.8.8",
      "resolved": "https://registry.npmjs.org/@atproto/xrpc/-/xrpc-0.8.8.tgz",
      "integrity": "sha512-5cZIaP775QpTZjSgqvt++ZEe5ZmSHFYNEMwa9IjXLkannitBPfEhIaGuHOI7If3Juc/sIkqVbAxedLSsRk1F6Q==",
      "license": "MIT",
      "dependencies": {
        "@atproto/lexicon": "^0.7.9",
        "zod": "^3.23.8"
      },
      "engines": {
        "node": ">=22"
      }
    },
    "node_modules/core-js": {
      "version": "3.49.0",
      "resolved": "https://registry.npmjs.org/core-js/-/core-js-3.49.0.tgz",
      "integrity": "sha512-es1U2+YTtzpwkxVLwAFdSpaIMyQaq0PBgm3YD1W3Qpsn1NAmO3KSgZfu+oGSWVu6NvLHoHCV/aYcsE5wiB7ALg==",
      "hasInstallScript": true,
      "license": "MIT",
      "funding": {
        "type": "opencollective",
        "url": "https://opencollective.com/core-js"
      }
    },
    "node_modules/ipaddr.js": {
      "version": "2.4.0",
      "resolved": "https://registry.npmjs.org/ipaddr.js/-/ipaddr.js-2.4.0.tgz",
      "integrity": "sha512-9VGk3HGanVE6JoZXHiCpnGy5X0jYDnN4EA4lntFPj+1vIWlFhIylq2CrrCOJH9EAhc5CYhq18F2Av2tgoAPsYQ==",
      "license": "MIT",
      "engines": {
        "node": ">= 10"
      }
    },
    "node_modules/iso-datestring-validator": {
      "version": "2.2.2",
      "resolved": "https://registry.npmjs.org/iso-datestring-validator/-/iso-datestring-validator-2.2.2.tgz",
      "integrity": "sha512-yLEMkBbLZTlVQqOnQ4FiMujR6T4DEcCb1xizmvXS+OxuhwcbtynoosRzdMA69zZCShCNAbi+gJ71FxZBBXx1SA==",
      "license": "MIT"
    },
    "node_modules/jose": {
      "version": "5.10.0",
      "resolved": "https://registry.npmjs.org/jose/-/jose-5.10.0.tgz",
      "integrity": "sha512-s+3Al/p9g32Iq+oqXxkW//7jk2Vig6FF1CFqzVXoTUXt2qz89YWbL+OwS17NFYEvxC35n0FKeGO2LGYSxeM2Gg==",
      "license": "MIT",
      "funding": {
        "url": "https://github.com/sponsors/panva"
      }
    },
    "node_modules/lru-cache": {
      "version": "10.4.3",
      "resolved": "https://registry.npmjs.org/lru-cache/-/lru-cache-10.4.3.tgz",
      "integrity": "sha512-JNAzZcXrCt42VGLuYz0zfAzDfAvJWW6AfYlDBQyDV5DClI2m5sAmK+OIO7s59XfsRsWHp02jAJrRadPRGTt6SQ==",
      "license": "ISC"
    },
    "node_modules/multiformats": {
      "version": "13.4.2",
      "resolved": "https://registry.npmjs.org/multiformats/-/multiformats-13.4.2.tgz",
      "integrity": "sha512-eh6eHCrRi1+POZ3dA+Dq1C6jhP1GNtr9CRINMb67OKzqW9I5DUuZM/3jLPlzhgpGeiNUlEGEbkCYChXMCc/8DQ==",
      "license": "Apache-2.0 OR MIT"
    },
    "node_modules/tslib": {
      "version": "2.8.1",
      "resolved": "https://registry.npmjs.org/tslib/-/tslib-2.8.1.tgz",
      "integrity": "sha512-oJFu94HQb+KVduSUQL7wnpmqnfmLsOA/nAh6b6EH0wCEoK0/mPeXU6c3wKDV83MkOuHPRHtSXKKU99IBazS/2w==",
      "license": "0BSD"
    },
    "node_modules/undici_v6": {
      "name": "undici",
      "version": "6.28.0",
      "resolved": "https://registry.npmjs.org/undici/-/undici-6.28.0.tgz",
      "integrity": "sha512-LIY910g9TI13YS95lrMFrs8Rm/u/irgHeTWoKCoteeJ04CUJ92eEfj0rVn+7VKMPBpUPiUoBKfhNyLI23EE/KA==",
      "license": "MIT",
      "engines": {
        "node": ">=18.17"
      }
    },
    "node_modules/undici_v7": {
      "name": "undici",
      "version": "7.29.0",
      "resolved": "https://registry.npmjs.org/undici/-/undici-7.29.0.tgz",
      "integrity": "sha512-IDxfleLmmbSskfWSUATiN1nfn2rDuvnMOqb5CWR92iIfojA0Ud+ulOAAEQ57LPr9rWmsreUyf5lwyao+7GNNVw==",
      "license": "MIT",
      "engines": {
        "node": ">=20.18.1"
      }
    },
    "node_modules/undici_v8": {
      "name": "undici",
      "version": "8.9.0",
      "resolved": "https://registry.npmjs.org/undici/-/undici-8.9.0.tgz",
      "integrity": "sha512-aWZpUj7XoGonMClx4gdDRfgBjqeA+F473aDmROQQbM9n6PRfK/u1q/a0X4wMTgcHfT8H6fpbt98PFuDUwFg2YA==",
      "license": "MIT",
      "engines": {
        "node": ">=22.19.0"
      }
    },
    "node_modules/unicode-segmenter": {
      "version": "0.14.5",
      "resolved": "https://registry.npmjs.org/unicode-segmenter/-/unicode-segmenter-0.14.5.tgz",
      "integrity": "sha512-jHGmj2LUuqDcX3hqY12Ql+uhUTn8huuxNZGq7GvtF6bSybzH3aFgedYu/KTzQStEgt1Ra2F3HxadNXsNjb3m3g==",
      "license": "MIT"
    },
    "node_modules/zod": {
      "version": "3.25.76",
      "resolved": "https://registry.npmjs.org/zod/-/zod-3.25.76.tgz",
      "integrity": "sha512-gzUt/qt81nXsFGKIFcC3YnfEAx5NkunCfnDlvuBSSFS02bcXu4Lmea0AFIUwbLWxWPx3d9p8S5QoaujKcNQxcQ==",
      "license": "MIT",
      "funding": {
        "url": "https://github.com/sponsors/colinhacks"
      }
    }
  }
}
